
Microsoft Visual Studio Solution File, Format Version 12.00
# Visual Studio Version 17
VisualStudioVersion = 17.1.32210.238
MinimumVisualStudioVersion = 10.0.40219.1
Project("{FAE04EC0-301F-11D3-BF4B-00C04F79EFBC}") = "Additional task", "Additional task.csproj", "{AB7B3D90-502C-4B9B-BE78-7E72561F9D72}"
EndProject
Global
	GlobalSection(SolutionConfigurationPlatforms) = preSolution
		Debug|Any CPU = Debug|Any CPU
		Release|Any CPU = Release|Any CPU
	EndGlobalSection
	GlobalSection(ProjectConfigurationPlatforms) = postSolution
		{AB7B3D90-502C-4B9B-BE78-7E72561F9D72}.Debug|Any CPU.ActiveCfg = Debug|Any CPU
		{AB7B3D90-502C-4B9B-BE78-7E72561F9D72}.Debug|Any CPU.Build.0 = Debug|Any CPU
		{AB7B3D90-502C-4B9B-BE78-7E72561F9D72}.Release|Any CPU.ActiveCfg = Release|Any CPU
		{AB7B3D90-502C-4B9B-BE78-7E72561F9D72}.Release|Any CPU.Build.0 = Release|Any CPU
	EndGlobalSection
	GlobalSection(SolutionProperties) = preSolution
		HideSolutionNode = FALSE
	EndGlobalSection
	GlobalSection(ExtensibilityGlobals) = postSolution
		SolutionGuid = {D613BC01-2003-4607-86A2-E94EAF8AFA83}
	EndGlobalSection
EndGlobal
